
Microsoft Visual Studio Solution File, Format Version 12.00
Project("{FAE04EC0-301F-11D3-BF4B-00C04F79EFBC}") = "BarcodeScanner", "BarcodeScanner\BarcodeScanner.csproj", "{827F70EA-5F09-4027-BFF0-8AF15F725033}"
EndProject
Project("{FAE04EC0-301F-11D3-BF4B-00C04F79EFBC}") = "SampleProject.Droid", "SampleProject.Droid\SampleProject.Droid.csproj", "{447C096E-403E-4A21-AEEA-AD0BDDEB6FCA}"
EndProject
Project("{FAE04EC0-301F-11D3-BF4B-00C04F79EFBC}") = "SampleProject.iOS", "SampleProject.iOS\SampleProject.iOS.csproj", "{701EFCBA-5E60-4FD9-B293-030F9163CBC3}"
EndProject
Global
	GlobalSection(SolutionConfigurationPlatforms) = preSolution
		Debug|Any CPU = Debug|Any CPU
		Release|Any CPU = Release|Any CPU
	EndGlobalSection
	GlobalSection(ProjectConfigurationPlatforms) = postSolution
		{827F70EA-5F09-4027-BFF0-8AF15F725033}.Debug|Any CPU.ActiveCfg = Debug|Any CPU
		{827F70EA-5F09-4027-BFF0-8AF15F725033}.Debug|Any CPU.Build.0 = Debug|Any CPU
		{827F70EA-5F09-4027-BFF0-8AF15F725033}.Release|Any CPU.ActiveCfg = Release|Any CPU
		{827F70EA-5F09-4027-BFF0-8AF15F725033}.Release|Any CPU.Build.0 = Release|Any CPU
		{447C096E-403E-4A21-AEEA-AD0BDDEB6FCA}.Debug|Any CPU.ActiveCfg = Debug|Any CPU
		{447C096E-403E-4A21-AEEA-AD0BDDEB6FCA}.Debug|Any CPU.Build.0 = Debug|Any CPU
		{447C096E-403E-4A21-AEEA-AD0BDDEB6FCA}.Release|Any CPU.ActiveCfg = Release|Any CPU
		{447C096E-403E-4A21-AEEA-AD0BDDEB6FCA}.Release|Any CPU.Build.0 = Release|Any CPU
		{701EFCBA-5E60-4FD9-B293-030F9163CBC3}.Debug|Any CPU.ActiveCfg = Debug|Any CPU
		{701EFCBA-5E60-4FD9-B293-030F9163CBC3}.Debug|Any CPU.Build.0 = Debug|Any CPU
		{701EFCBA-5E60-4FD9-B293-030F9163CBC3}.Release|Any CPU.ActiveCfg = Release|Any CPU
		{701EFCBA-5E60-4FD9-B293-030F9163CBC3}.Release|Any CPU.Build.0 = Release|Any CPU
	EndGlobalSection
EndGlobal
